
Microsoft Visual Studio Solution File, Format Version 12.00
# Visual Studio Version 17
VisualStudioVersion = 17.14.36221.1
MinimumVisualStudioVersion = 10.0.40219.1
Project("{FAE04EC0-301F-11D3-BF4B-00C04F79EFBC}") = "E1_UF2180 - Practica evaluable", "E1_UF2180 - Practica evaluable.csproj", "{AE24FCD1-2E45-40ED-967A-C4F6921F4985}"
EndProject
Global
	GlobalSection(SolutionConfigurationPlatforms) = preSolution
		Debug|Any CPU = Debug|Any CPU
		Debug|x64 = Debug|x64
		Debug|x86 = Debug|x86
		Release|Any CPU = Release|Any CPU
		Release|x64 = Release|x64
		Release|x86 = Release|x86
	EndGlobalSection
	GlobalSection(ProjectConfigurationPlatforms) = postSolution
		{AE24FCD1-2E45-40ED-967A-C4F6921F4985}.Debug|Any CPU.ActiveCfg = Debug|Any CPU
		{AE24FCD1-2E45-40ED-967A-C4F6921F4985}.Debug|Any CPU.Build.0 = Debug|Any CPU
		{AE24FCD1-2E45-40ED-967A-C4F6921F4985}.Debug|x64.ActiveCfg = Debug|x64
		{AE24FCD1-2E45-40ED-967A-C4F6921F4985}.Debug|x64.Build.0 = Debug|x64
		{AE24FCD1-2E45-40ED-967A-C4F6921F4985}.Debug|x86.ActiveCfg = Debug|x86
		{AE24FCD1-2E45-40ED-967A-C4F6921F4985}.Debug|x86.Build.0 = Debug|x86
		{AE24FCD1-2E45-40ED-967A-C4F6921F4985}.Release|Any CPU.ActiveCfg = Release|Any CPU
		{AE24FCD1-2E45-40ED-967A-C4F6921F4985}.Release|Any CPU.Build.0 = Release|Any CPU
		{AE24FCD1-2E45-40ED-967A-C4F6921F4985}.Release|x64.ActiveCfg = Release|x64
		{AE24FCD1-2E45-40ED-967A-C4F6921F4985}.Release|x64.Build.0 = Release|x64
		{AE24FCD1-2E45-40ED-967A-C4F6921F4985}.Release|x86.ActiveCfg = Release|x86
		{AE24FCD1-2E45-40ED-967A-C4F6921F4985}.Release|x86.Build.0 = Release|x86
	EndGlobalSection
	GlobalSection(SolutionProperties) = preSolution
		HideSolutionNode = FALSE
	EndGlobalSection
	GlobalSection(ExtensibilityGlobals) = postSolution
		SolutionGuid = {7C64BB0B-4BA0-4FBF-B8E3-43CB4767AA95}
	EndGlobalSection
EndGlobal
